
Microsoft Visual Studio Solution File, Format Version 12.00
# Visual Studio Version 16
VisualStudioVersion = 16.0.29519.87
MinimumVisualStudioVersion = 10.0.40219.1
Project("{FAE04EC0-301F-11D3-BF4B-00C04F79EFBC}") = "basics", "basics\basics.csproj", "{6A33B98A-E949-4EF4-986D-AB2542EAB3ED}"
EndProject
Global
	GlobalSection(SolutionConfigurationPlatforms) = preSolution
		Debug|Any CPU = Debug|Any CPU
		Release|Any CPU = Release|Any CPU
	EndGlobalSection
	GlobalSection(ProjectConfigurationPlatforms) = postSolution
		{6A33B98A-E949-4EF4-986D-AB2542EAB3ED}.Debug|Any CPU.ActiveCfg = Debug|Any CPU
		{6A33B98A-E949-4EF4-986D-AB2542EAB3ED}.Debug|Any CPU.Build.0 = Debug|Any CPU
		{6A33B98A-E949-4EF4-986D-AB2542EAB3ED}.Release|Any CPU.ActiveCfg = Release|Any CPU
		{6A33B98A-E949-4EF4-986D-AB2542EAB3ED}.Release|Any CPU.Build.0 = Release|Any CPU
	EndGlobalSection
	GlobalSection(SolutionProperties) = preSolution
		HideSolutionNode = FALSE
	EndGlobalSection
	GlobalSection(ExtensibilityGlobals) = postSolution
		SolutionGuid = {401638D8-8406-48CE-8840-BCF1EE737E24}
	EndGlobalSection
EndGlobal
